
Microsoft Visual Studio Solution File, Format Version 12.00
# Visual Studio Version 16
VisualStudioVersion = 16.0.36602.28
MinimumVisualStudioVersion = 10.0.40219.1
Project("{FAE04EC0-301F-11D3-BF4B-00C04F79EFBC}") = "SSAI.GeneradorPDF.facturas.usuarios", "SSAI.GeneradorPDF.facturas.usuarios.csproj", "{1FBB06AD-959D-42BC-9F0E-F06FB1394226}"
EndProject
Global
	GlobalSection(SolutionConfigurationPlatforms) = preSolution
		Debug|Any CPU = Debug|Any CPU
		Release|Any CPU = Release|Any CPU
	EndGlobalSection
	GlobalSection(ProjectConfigurationPlatforms) = postSolution
		{1FBB06AD-959D-42BC-9F0E-F06FB1394226}.Debug|Any CPU.ActiveCfg = Debug|Any CPU
		{1FBB06AD-959D-42BC-9F0E-F06FB1394226}.Debug|Any CPU.Build.0 = Debug|Any CPU
		{1FBB06AD-959D-42BC-9F0E-F06FB1394226}.Release|Any CPU.ActiveCfg = Release|Any CPU
		{1FBB06AD-959D-42BC-9F0E-F06FB1394226}.Release|Any CPU.Build.0 = Release|Any CPU
	EndGlobalSection
	GlobalSection(SolutionProperties) = preSolution
		HideSolutionNode = FALSE
	EndGlobalSection
	GlobalSection(ExtensibilityGlobals) = postSolution
		SolutionGuid = {7BA7E2DA-BF9F-43FF-98A2-E91D71F8B95C}
	EndGlobalSection
EndGlobal
